
Microsoft Visual Studio Solution File, Format Version 12.00
# Visual Studio 2012
Project("{FAE04EC0-301F-11D3-BF4B-00C04F79EFBC}") = "RSS", "RSS\RSS.csproj", "{1616A1B4-BFFD-4DEA-A890-6E8A2EE9EA52}"
EndProject
Project("{FAE04EC0-301F-11D3-BF4B-00C04F79EFBC}") = "ConnectionLibrary", "ConnectionLibrary\ConnectionLibrary.csproj", "{B2D555D5-F4EF-4BBE-A399-DC625D06305B}"
EndProject
Global
	GlobalSection(SolutionConfigurationPlatforms) = preSolution
		Debug|Any CPU = Debug|Any CPU
		Release|Any CPU = Release|Any CPU
	EndGlobalSection
	GlobalSection(ProjectConfigurationPlatforms) = postSolution
		{1616A1B4-BFFD-4DEA-A890-6E8A2EE9EA52}.Debug|Any CPU.ActiveCfg = Debug|Any CPU
		{1616A1B4-BFFD-4DEA-A890-6E8A2EE9EA52}.Debug|Any CPU.Build.0 = Debug|Any CPU
		{1616A1B4-BFFD-4DEA-A890-6E8A2EE9EA52}.Release|Any CPU.ActiveCfg = Release|Any CPU
		{1616A1B4-BFFD-4DEA-A890-6E8A2EE9EA52}.Release|Any CPU.Build.0 = Release|Any CPU
		{B2D555D5-F4EF-4BBE-A399-DC625D06305B}.Debug|Any CPU.ActiveCfg = Debug|Any CPU
		{B2D555D5-F4EF-4BBE-A399-DC625D06305B}.Debug|Any CPU.Build.0 = Debug|Any CPU
		{B2D555D5-F4EF-4BBE-A399-DC625D06305B}.Release|Any CPU.ActiveCfg = Release|Any CPU
		{B2D555D5-F4EF-4BBE-A399-DC625D06305B}.Release|Any CPU.Build.0 = Release|Any CPU
	EndGlobalSection
	GlobalSection(SolutionProperties) = preSolution
		HideSolutionNode = FALSE
	EndGlobalSection
EndGlobal
